
Microsoft Visual Studio Solution File, Format Version 12.00
# Visual Studio Version 17
VisualStudioVersion = 17.9.34728.123
MinimumVisualStudioVersion = 10.0.40219.1
Project("{FAE04EC0-301F-11D3-BF4B-00C04F79EFBC}") = "SampleMVCApp", "SampleMVCApp\SampleMVCApp.csproj", "{BC80F9BC-7DDC-4285-90F1-1711101F09A7}"
EndProject
Global
	GlobalSection(SolutionConfigurationPlatforms) = preSolution
		Debug|Any CPU = Debug|Any CPU
		Release|Any CPU = Release|Any CPU
	EndGlobalSection
	GlobalSection(ProjectConfigurationPlatforms) = postSolution
		{BC80F9BC-7DDC-4285-90F1-1711101F09A7}.Debug|Any CPU.ActiveCfg = Debug|Any CPU
		{BC80F9BC-7DDC-4285-90F1-1711101F09A7}.Debug|Any CPU.Build.0 = Debug|Any CPU
		{BC80F9BC-7DDC-4285-90F1-1711101F09A7}.Release|Any CPU.ActiveCfg = Release|Any CPU
		{BC80F9BC-7DDC-4285-90F1-1711101F09A7}.Release|Any CPU.Build.0 = Release|Any CPU
	EndGlobalSection
	GlobalSection(SolutionProperties) = preSolution
		HideSolutionNode = FALSE
	EndGlobalSection
	GlobalSection(ExtensibilityGlobals) = postSolution
		SolutionGuid = {8750173F-75FA-453F-B5C7-9F78CB68AB46}
	EndGlobalSection
EndGlobal
